
Microsoft Visual Studio Solution File, Format Version 12.00
# Visual Studio 15
VisualStudioVersion = 15.0.27703.2000
MinimumVisualStudioVersion = 10.0.40219.1
Project("{FAE04EC0-301F-11D3-BF4B-00C04F79EFBC}") = "Northwind.UI", "Northwind.UI\Northwind.UI.csproj", "{CC0E4340-4948-4A40-BFAF-EC15A444B11F}"
EndProject
Project("{9A19103F-16F7-4668-BE54-9A1E7A4F7556}") = "Northwind.Logic", "Northwind.Logic\Northwind.Logic.csproj", "{BBA3E16D-6B31-4C1C-B512-970A48FC35EA}"
EndProject
Project("{FAE04EC0-301F-11D3-BF4B-00C04F79EFBC}") = "Northwind.White", "Northwind.White\Northwind.White.csproj", "{2C31E07F-624A-475D-82FC-FF9DC11A2332}"
EndProject
Global
	GlobalSection(SolutionConfigurationPlatforms) = preSolution
		Debug|Any CPU = Debug|Any CPU
		Release|Any CPU = Release|Any CPU
	EndGlobalSection
	GlobalSection(ProjectConfigurationPlatforms) = postSolution
		{CC0E4340-4948-4A40-BFAF-EC15A444B11F}.Debug|Any CPU.ActiveCfg = Debug|Any CPU
		{CC0E4340-4948-4A40-BFAF-EC15A444B11F}.Debug|Any CPU.Build.0 = Debug|Any CPU
		{CC0E4340-4948-4A40-BFAF-EC15A444B11F}.Release|Any CPU.ActiveCfg = Release|Any CPU
		{CC0E4340-4948-4A40-BFAF-EC15A444B11F}.Release|Any CPU.Build.0 = Release|Any CPU
		{BBA3E16D-6B31-4C1C-B512-970A48FC35EA}.Debug|Any CPU.ActiveCfg = Debug|Any CPU
		{BBA3E16D-6B31-4C1C-B512-970A48FC35EA}.Debug|Any CPU.Build.0 = Debug|Any CPU
		{BBA3E16D-6B31-4C1C-B512-970A48FC35EA}.Release|Any CPU.ActiveCfg = Release|Any CPU
		{BBA3E16D-6B31-4C1C-B512-970A48FC35EA}.Release|Any CPU.Build.0 = Release|Any CPU
		{2C31E07F-624A-475D-82FC-FF9DC11A2332}.Debug|Any CPU.ActiveCfg = Debug|Any CPU
		{2C31E07F-624A-475D-82FC-FF9DC11A2332}.Debug|Any CPU.Build.0 = Debug|Any CPU
		{2C31E07F-624A-475D-82FC-FF9DC11A2332}.Release|Any CPU.ActiveCfg = Release|Any CPU
		{2C31E07F-624A-475D-82FC-FF9DC11A2332}.Release|Any CPU.Build.0 = Release|Any CPU
	EndGlobalSection
	GlobalSection(SolutionProperties) = preSolution
		HideSolutionNode = FALSE
	EndGlobalSection
	GlobalSection(ExtensibilityGlobals) = postSolution
		SolutionGuid = {6EDA9D98-68B4-41C6-A6FF-5A94150975A0}
	EndGlobalSection
EndGlobal
